Microsoft Visual Studio Solution File, Format Version 12.00
# Visual Studio Version 17
VisualStudioVersion = 17.5.2.0
MinimumVisualStudioVersion = 10.0.40219.1
Project("{FAE04EC0-301F-11D3-BF4B-00C04F79EFBC}") = "XergGame", "XergGame.csproj", "{B548CBF3-7020-E9CA-C48C-B18ABB207F09}"
EndProject
Global
	GlobalSection(SolutionConfigurationPlatforms) = preSolution
		Debug|Any CPU = Debug|Any CPU
		Release|Any CPU = Release|Any CPU
	EndGlobalSection
	GlobalSection(ProjectConfigurationPlatforms) = postSolution
		{B548CBF3-7020-E9CA-C48C-B18ABB207F09}.Debug|Any CPU.ActiveCfg = Debug|Any CPU
		{B548CBF3-7020-E9CA-C48C-B18ABB207F09}.Debug|Any CPU.Build.0 = Debug|Any CPU
		{B548CBF3-7020-E9CA-C48C-B18ABB207F09}.Release|Any CPU.ActiveCfg = Release|Any CPU
		{B548CBF3-7020-E9CA-C48C-B18ABB207F09}.Release|Any CPU.Build.0 = Release|Any CPU
	EndGlobalSection
	GlobalSection(SolutionProperties) = preSolution
		HideSolutionNode = FALSE
	EndGlobalSection
	GlobalSection(ExtensibilityGlobals) = postSolution
		SolutionGuid = {1B1404BC-90C7-4C29-A5A5-8FC56A738D38}
	EndGlobalSection
EndGlobal
